
Microsoft Visual Studio Solution File, Format Version 12.00
# Visual Studio Version 17
VisualStudioVersion = 17.9.34622.214
MinimumVisualStudioVersion = 10.0.40219.1
Project("{FAE04EC0-301F-11D3-BF4B-00C04F79EFBC}") = "studying-c-sharp-shay-shalom-izhak", "studying-c-sharp-shay-shalom-izhak\studying-c-sharp-shay-shalom-izhak.csproj", "{F9F32792-634F-4645-9E88-D1013515AAF6}"
EndProject
Global
	GlobalSection(SolutionConfigurationPlatforms) = preSolution
		Debug|Any CPU = Debug|Any CPU
		Release|Any CPU = Release|Any CPU
	EndGlobalSection
	GlobalSection(ProjectConfigurationPlatforms) = postSolution
		{F9F32792-634F-4645-9E88-D1013515AAF6}.Debug|Any CPU.ActiveCfg = Debug|Any CPU
		{F9F32792-634F-4645-9E88-D1013515AAF6}.Debug|Any CPU.Build.0 = Debug|Any CPU
		{F9F32792-634F-4645-9E88-D1013515AAF6}.Release|Any CPU.ActiveCfg = Release|Any CPU
		{F9F32792-634F-4645-9E88-D1013515AAF6}.Release|Any CPU.Build.0 = Release|Any CPU
	EndGlobalSection
	GlobalSection(SolutionProperties) = preSolution
		HideSolutionNode = FALSE
	EndGlobalSection
	GlobalSection(ExtensibilityGlobals) = postSolution
		SolutionGuid = {6855215C-CE22-4EF7-B511-C662B0C00CA0}
	EndGlobalSection
EndGlobal
